
Microsoft Visual Studio Solution File, Format Version 12.00
# Visual Studio Version 17
VisualStudioVersion = 17.5.33516.290
MinimumVisualStudioVersion = 10.0.40219.1
Project("{FAE04EC0-301F-11D3-BF4B-00C04F79EFBC}") = "SeleniumTesting", "SeleniumTesting\SeleniumTesting.csproj", "{886F759B-4E6E-4E69-BC7A-70D14765675E}"
EndProject
Global
	GlobalSection(SolutionConfigurationPlatforms) = preSolution
		Debug|Any CPU = Debug|Any CPU
		Release|Any CPU = Release|Any CPU
	EndGlobalSection
	GlobalSection(ProjectConfigurationPlatforms) = postSolution
		{886F759B-4E6E-4E69-BC7A-70D14765675E}.Debug|Any CPU.ActiveCfg = Debug|Any CPU
		{886F759B-4E6E-4E69-BC7A-70D14765675E}.Debug|Any CPU.Build.0 = Debug|Any CPU
		{886F759B-4E6E-4E69-BC7A-70D14765675E}.Release|Any CPU.ActiveCfg = Release|Any CPU
		{886F759B-4E6E-4E69-BC7A-70D14765675E}.Release|Any CPU.Build.0 = Release|Any CPU
	EndGlobalSection
	GlobalSection(SolutionProperties) = preSolution
		HideSolutionNode = FALSE
	EndGlobalSection
	GlobalSection(ExtensibilityGlobals) = postSolution
		SolutionGuid = {7CB03B7B-3697-475F-AA76-4F8329174D0C}
	EndGlobalSection
EndGlobal
