
Microsoft Visual Studio Solution File, Format Version 12.00
# Visual Studio Version 17
VisualStudioVersion = 17.5.33424.131
MinimumVisualStudioVersion = 10.0.40219.1
Project("{FAE04EC0-301F-11D3-BF4B-00C04F79EFBC}") = "OperatorsApp", "OperatorsApp\OperatorsApp.csproj", "{D62977E8-0D66-4556-BD2D-78EF135E3621}"
EndProject
Project("{FAE04EC0-301F-11D3-BF4B-00C04F79EFBC}") = "OperatorsControlFlowTest", "OperatorsControlFlowTest\OperatorsControlFlowTest.csproj", "{D507CF15-B728-4907-BC93-0778C0228074}"
EndProject
Global
	GlobalSection(SolutionConfigurationPlatforms) = preSolution
		Debug|Any CPU = Debug|Any CPU
		Release|Any CPU = Release|Any CPU
	EndGlobalSection
	GlobalSection(ProjectConfigurationPlatforms) = postSolution
		{D62977E8-0D66-4556-BD2D-78EF135E3621}.Debug|Any CPU.ActiveCfg = Debug|Any CPU
		{D62977E8-0D66-4556-BD2D-78EF135E3621}.Debug|Any CPU.Build.0 = Debug|Any CPU
		{D62977E8-0D66-4556-BD2D-78EF135E3621}.Release|Any CPU.ActiveCfg = Release|Any CPU
		{D62977E8-0D66-4556-BD2D-78EF135E3621}.Release|Any CPU.Build.0 = Release|Any CPU
		{D507CF15-B728-4907-BC93-0778C0228074}.Debug|Any CPU.ActiveCfg = Debug|Any CPU
		{D507CF15-B728-4907-BC93-0778C0228074}.Debug|Any CPU.Build.0 = Debug|Any CPU
		{D507CF15-B728-4907-BC93-0778C0228074}.Release|Any CPU.ActiveCfg = Release|Any CPU
		{D507CF15-B728-4907-BC93-0778C0228074}.Release|Any CPU.Build.0 = Release|Any CPU
	EndGlobalSection
	GlobalSection(SolutionProperties) = preSolution
		HideSolutionNode = FALSE
	EndGlobalSection
	GlobalSection(ExtensibilityGlobals) = postSolution
		SolutionGuid = {E7BF9D22-6611-4B57-90D6-CFD5A4AADF33}
	EndGlobalSection
EndGlobal
