
Microsoft Visual Studio Solution File, Format Version 12.00
# Visual Studio Version 17
VisualStudioVersion = 17.5.33502.453
MinimumVisualStudioVersion = 10.0.40219.1
Project("{FAE04EC0-301F-11D3-BF4B-00C04F79EFBC}") = "FizzBuzzApp", "TDD\FizzBuzzApp.csproj", "{B4BBDF66-7B84-45E7-A825-8A0EEA4B08DC}"
EndProject
Project("{FAE04EC0-301F-11D3-BF4B-00C04F79EFBC}") = "FizzBuzzTests", "FizzBuzzTests\FizzBuzzTests.csproj", "{E0F13C66-1185-43EE-871B-019B3C136917}"
EndProject
Global
	GlobalSection(SolutionConfigurationPlatforms) = preSolution
		Debug|Any CPU = Debug|Any CPU
		Release|Any CPU = Release|Any CPU
	EndGlobalSection
	GlobalSection(ProjectConfigurationPlatforms) = postSolution
		{B4BBDF66-7B84-45E7-A825-8A0EEA4B08DC}.Debug|Any CPU.ActiveCfg = Debug|Any CPU
		{B4BBDF66-7B84-45E7-A825-8A0EEA4B08DC}.Debug|Any CPU.Build.0 = Debug|Any CPU
		{B4BBDF66-7B84-45E7-A825-8A0EEA4B08DC}.Release|Any CPU.ActiveCfg = Release|Any CPU
		{B4BBDF66-7B84-45E7-A825-8A0EEA4B08DC}.Release|Any CPU.Build.0 = Release|Any CPU
		{E0F13C66-1185-43EE-871B-019B3C136917}.Debug|Any CPU.ActiveCfg = Debug|Any CPU
		{E0F13C66-1185-43EE-871B-019B3C136917}.Debug|Any CPU.Build.0 = Debug|Any CPU
		{E0F13C66-1185-43EE-871B-019B3C136917}.Release|Any CPU.ActiveCfg = Release|Any CPU
		{E0F13C66-1185-43EE-871B-019B3C136917}.Release|Any CPU.Build.0 = Release|Any CPU
	EndGlobalSection
	GlobalSection(SolutionProperties) = preSolution
		HideSolutionNode = FALSE
	EndGlobalSection
	GlobalSection(ExtensibilityGlobals) = postSolution
		SolutionGuid = {4B074375-02C4-48B0-8246-7BEFFC080B97}
	EndGlobalSection
EndGlobal
