
Microsoft Visual Studio Solution File, Format Version 12.00
# Visual Studio Version 17
VisualStudioVersion = 17.5.33502.453
MinimumVisualStudioVersion = 10.0.40219.1
Project("{9A19103F-16F7-4668-BE54-9A1E7A4F7556}") = "GreetingExceptionsLabExercises", "ExceptionsLabExercises\GreetingExceptionsLabExercises.csproj", "{839F26D3-49C8-4B9E-A613-E4AE7C9C52AB}"
EndProject
Project("{9A19103F-16F7-4668-BE54-9A1E7A4F7556}") = "GreetingExceptionTesting", "GradeExceptionTesting\GreetingExceptionTesting.csproj", "{ED7CDDB7-E73A-4400-A07A-A9D5454187C5}"
EndProject
Project("{9A19103F-16F7-4668-BE54-9A1E7A4F7556}") = "ClassificationsExceptionsLabExercises", "UnitTestExceptionsLabExercises\ClassificationsExceptionsLabExercises.csproj", "{B36FDD02-734E-42C7-BF74-B4BBF8FCBF25}"
EndProject
Project("{9A19103F-16F7-4668-BE54-9A1E7A4F7556}") = "ClassificationstExceptionsTesting", "UnitTestExceptionsTesting\ClassificationstExceptionsTesting.csproj", "{1D609B29-07DF-41A2-8E33-BA6D389CCF00}"
EndProject
Project("{FAE04EC0-301F-11D3-BF4B-00C04F79EFBC}") = "OperatorsControlFlowLab", "OperatorsControlFlowLab\OperatorsControlFlowLab.csproj", "{F4752375-DFE7-4917-A127-B6C635D8F559}"
EndProject
Project("{FAE04EC0-301F-11D3-BF4B-00C04F79EFBC}") = "OperatorsControlFlowExceptionTesting", "OperatorsControlFlowExceptionTesting\OperatorsControlFlowExceptionTesting.csproj", "{DD728E9E-64C1-411F-B851-2DC7B841C98E}"
EndProject
Global
	GlobalSection(SolutionConfigurationPlatforms) = preSolution
		Debug|Any CPU = Debug|Any CPU
		Release|Any CPU = Release|Any CPU
	EndGlobalSection
	GlobalSection(ProjectConfigurationPlatforms) = postSolution
		{839F26D3-49C8-4B9E-A613-E4AE7C9C52AB}.Debug|Any CPU.ActiveCfg = Debug|Any CPU
		{839F26D3-49C8-4B9E-A613-E4AE7C9C52AB}.Debug|Any CPU.Build.0 = Debug|Any CPU
		{839F26D3-49C8-4B9E-A613-E4AE7C9C52AB}.Release|Any CPU.ActiveCfg = Release|Any CPU
		{839F26D3-49C8-4B9E-A613-E4AE7C9C52AB}.Release|Any CPU.Build.0 = Release|Any CPU
		{ED7CDDB7-E73A-4400-A07A-A9D5454187C5}.Debug|Any CPU.ActiveCfg = Debug|Any CPU
		{ED7CDDB7-E73A-4400-A07A-A9D5454187C5}.Debug|Any CPU.Build.0 = Debug|Any CPU
		{ED7CDDB7-E73A-4400-A07A-A9D5454187C5}.Release|Any CPU.ActiveCfg = Release|Any CPU
		{ED7CDDB7-E73A-4400-A07A-A9D5454187C5}.Release|Any CPU.Build.0 = Release|Any CPU
		{B36FDD02-734E-42C7-BF74-B4BBF8FCBF25}.Debug|Any CPU.ActiveCfg = Debug|Any CPU
		{B36FDD02-734E-42C7-BF74-B4BBF8FCBF25}.Debug|Any CPU.Build.0 = Debug|Any CPU
		{B36FDD02-734E-42C7-BF74-B4BBF8FCBF25}.Release|Any CPU.ActiveCfg = Release|Any CPU
		{B36FDD02-734E-42C7-BF74-B4BBF8FCBF25}.Release|Any CPU.Build.0 = Release|Any CPU
		{1D609B29-07DF-41A2-8E33-BA6D389CCF00}.Debug|Any CPU.ActiveCfg = Debug|Any CPU
		{1D609B29-07DF-41A2-8E33-BA6D389CCF00}.Debug|Any CPU.Build.0 = Debug|Any CPU
		{1D609B29-07DF-41A2-8E33-BA6D389CCF00}.Release|Any CPU.ActiveCfg = Release|Any CPU
		{1D609B29-07DF-41A2-8E33-BA6D389CCF00}.Release|Any CPU.Build.0 = Release|Any CPU
		{F4752375-DFE7-4917-A127-B6C635D8F559}.Debug|Any CPU.ActiveCfg = Debug|Any CPU
		{F4752375-DFE7-4917-A127-B6C635D8F559}.Debug|Any CPU.Build.0 = Debug|Any CPU
		{F4752375-DFE7-4917-A127-B6C635D8F559}.Release|Any CPU.ActiveCfg = Release|Any CPU
		{F4752375-DFE7-4917-A127-B6C635D8F559}.Release|Any CPU.Build.0 = Release|Any CPU
		{DD728E9E-64C1-411F-B851-2DC7B841C98E}.Debug|Any CPU.ActiveCfg = Debug|Any CPU
		{DD728E9E-64C1-411F-B851-2DC7B841C98E}.Debug|Any CPU.Build.0 = Debug|Any CPU
		{DD728E9E-64C1-411F-B851-2DC7B841C98E}.Release|Any CPU.ActiveCfg = Release|Any CPU
		{DD728E9E-64C1-411F-B851-2DC7B841C98E}.Release|Any CPU.Build.0 = Release|Any CPU
	EndGlobalSection
	GlobalSection(SolutionProperties) = preSolution
		HideSolutionNode = FALSE
	EndGlobalSection
	GlobalSection(ExtensibilityGlobals) = postSolution
		SolutionGuid = {2AAC1BC0-DC2C-44FB-8356-DD2AFD330C04}
	EndGlobalSection
EndGlobal
